
Microsoft Visual Studio Solution File, Format Version 12.00
# Visual Studio Version 17
VisualStudioVersion = 17.0.31903.59
MinimumVisualStudioVersion = 10.0.40219.1
Project("{FAE04EC0-301F-11D3-BF4B-00C04F79EFBC}") = "GameBooster.Core", "GameBooster.Core\GameBooster.Core.csproj", "{2A8D6EF1-C936-40AF-8592-55BFE31BC07F}"
EndProject
Project("{FAE04EC0-301F-11D3-BF4B-00C04F79EFBC}") = "GameBooster.Data", "GameBooster.Data\GameBooster.Data.csproj", "{9DB7204E-487E-4DB1-B62D-AA98A4B1F43D}"
EndProject
Project("{FAE04EC0-301F-11D3-BF4B-00C04F79EFBC}") = "GameBooster.Service", "GameBooster.Service\GameBooster.Service.csproj", "{A7A5CD7A-4BCF-450E-8B09-A5850C4561A8}"
EndProject
Project("{FAE04EC0-301F-11D3-BF4B-00C04F79EFBC}") = "GameBooster.Web", "GameBooster.Web\GameBooster.Web.csproj", "{4F8516D1-F9CD-4730-88C3-CAE85145E7A8}"
EndProject
Global
	GlobalSection(SolutionConfigurationPlatforms) = preSolution
		Debug|Any CPU = Debug|Any CPU
		Release|Any CPU = Release|Any CPU
	EndGlobalSection
	GlobalSection(SolutionProperties) = preSolution
		HideSolutionNode = FALSE
	EndGlobalSection
	GlobalSection(ProjectConfigurationPlatforms) = postSolution
		{2A8D6EF1-C936-40AF-8592-55BFE31BC07F}.Debug|Any CPU.ActiveCfg = Debug|Any CPU
		{2A8D6EF1-C936-40AF-8592-55BFE31BC07F}.Debug|Any CPU.Build.0 = Debug|Any CPU
		{2A8D6EF1-C936-40AF-8592-55BFE31BC07F}.Release|Any CPU.ActiveCfg = Release|Any CPU
		{2A8D6EF1-C936-40AF-8592-55BFE31BC07F}.Release|Any CPU.Build.0 = Release|Any CPU
		{9DB7204E-487E-4DB1-B62D-AA98A4B1F43D}.Debug|Any CPU.ActiveCfg = Debug|Any CPU
		{9DB7204E-487E-4DB1-B62D-AA98A4B1F43D}.Debug|Any CPU.Build.0 = Debug|Any CPU
		{9DB7204E-487E-4DB1-B62D-AA98A4B1F43D}.Release|Any CPU.ActiveCfg = Release|Any CPU
		{9DB7204E-487E-4DB1-B62D-AA98A4B1F43D}.Release|Any CPU.Build.0 = Release|Any CPU
		{A7A5CD7A-4BCF-450E-8B09-A5850C4561A8}.Debug|Any CPU.ActiveCfg = Debug|Any CPU
		{A7A5CD7A-4BCF-450E-8B09-A5850C4561A8}.Debug|Any CPU.Build.0 = Debug|Any CPU
		{A7A5CD7A-4BCF-450E-8B09-A5850C4561A8}.Release|Any CPU.ActiveCfg = Release|Any CPU
		{A7A5CD7A-4BCF-450E-8B09-A5850C4561A8}.Release|Any CPU.Build.0 = Release|Any CPU
		{4F8516D1-F9CD-4730-88C3-CAE85145E7A8}.Debug|Any CPU.ActiveCfg = Debug|Any CPU
		{4F8516D1-F9CD-4730-88C3-CAE85145E7A8}.Debug|Any CPU.Build.0 = Debug|Any CPU
		{4F8516D1-F9CD-4730-88C3-CAE85145E7A8}.Release|Any CPU.ActiveCfg = Release|Any CPU
		{4F8516D1-F9CD-4730-88C3-CAE85145E7A8}.Release|Any CPU.Build.0 = Release|Any CPU
	EndGlobalSection
EndGlobal
